// !$*UTF8*$!
{
	archiveVersion = 1;
	classes = {
	};
	objectVersion = 46;
	objects = {

/* Begin PBXBuildFile section */
		D7918DE418AAEA09005D364D /* Foundation.framework in Frameworks */ = {isa = PBXBuildFile; fileRef = D7918DE318AAEA09005D364D /* Foundation.framework */; };
		D7918DE618AAEA09005D364D /* CoreGraphics.framework in Frameworks */ = {isa = PBXBuildFile; fileRef = D7918DE518AAEA09005D364D /* CoreGraphics.framework */; };
		D7918DE818AAEA09005D364D /* UIKit.framework in Frameworks */ = {isa = PBXBuildFile; fileRef = D7918DE718AAEA09005D364D /* UIKit.framework */; };
		D7918DEE18AAEA09005D364D /* InfoPlist.strings in Resources */ = {isa = PBXBuildFile; fileRef = D7918DEC18AAEA09005D364D /* InfoPlist.strings */; };
		D7918DF018AAEA09005D364D /* main.m in Sources */ = {isa = PBXBuildFile; fileRef = D7918DEF18AAEA09005D364D /* main.m */; };
		D7918DF418AAEA09005D364D /* AppDelegate.m in Sources */ = {isa = PBXBuildFile; fileRef = D7918DF318AAEA09005D364D /* AppDelegate.m */; };
		D7918DF718AAEA09005D364D /* Main.storyboard in Resources */ = {isa = PBXBuildFile; fileRef = D7918DF518AAEA09005D364D /* Main.storyboard */; };
		D7918DFA18AAEA09005D364D /* ViewController.m in Sources */ = {isa = PBXBuildFile; fileRef = D7918DF918AAEA09005D364D /* ViewController.m */; };
		D7918DFC18AAEA09005D364D /* Images.xcassets in Resources */ = {isa = PBXBuildFile; fileRef = D7918DFB18AAEA09005D364D /* Images.xcassets */; };
		D7918E0318AAEA09005D364D /* XCTest.framework in Frameworks */ = {isa = PBXBuildFile; fileRef = D7918E0218AAEA09005D364D /* XCTest.framework */; };
		D7918E0418AAEA09005D364D /* Foundation.framework in Frameworks */ = {isa = PBXBuildFile; fileRef = D7918DE318AAEA09005D364D /* Foundation.framework */; };
		D7918E0518AAEA09005D364D /* UIKit.framework in Frameworks */ = {isa = PBXBuildFile; fileRef = D7918DE718AAEA09005D364D /* UIKit.framework */; };
		D7918E0D18AAEA09005D364D /* InfoPlist.strings in Resources */ = {isa = PBXBuildFile; fileRef = D7918E0B18AAEA09005D364D /* InfoPlist.strings */; };
		D7918E0F18AAEA09005D364D /* qrScannerTests.m in Sources */ = {isa = PBXBuildFile; fileRef = D7918E0E18AAEA09005D364D /* qrScannerTests.m */; };
/* End PBXBuildFile section */

/* Begin PBXContainerItemProxy section */
		D7918E0618AAEA09005D364D /* PBXContainerItemProxy */ = {
			isa = PBXContainerItemProxy;
			containerPortal = D7918DD818AAEA09005D364D /* Project object */;
			proxyType = 1;
			remoteGlobalIDString = D7918DDF18AAEA09005D364D;
			remoteInfo = qrScanner;
		};
/* End PBXContainerItemProxy section */

/* Begin PBXFileReference section */
		D7918DE018AAEA09005D364D /* qrScanner.app */ = {isa = PBXFileReference; explicitFileType = wrapper.application; includeInIndex = 0; path = qrScanner.app; sourceTree = BUILT_PRODUCTS_DIR; };
		D7918DE318AAEA09005D364D /* Foundation.framework */ = {isa = PBXFileReference; lastKnownFileType = wrapper.framework; name = Foundation.framework; path = System/Library/Frameworks/Foundation.framework; sourceTree = SDKROOT; };
		D7918DE518AAEA09005D364D /* CoreGraphics.framework */ = {isa = PBXFileReference; lastKnownFileType = wrapper.framework; name = CoreGraphics.framework; path = System/Library/Frameworks/CoreGraphics.framework; sourceTree = SDKROOT; };
		D7918DE718AAEA09005D364D /* UIKit.framework */ = {isa = PBXFileReference; lastKnownFileType = wrapper.framework; name = UIKit.framework; path = System/Library/Frameworks/UIKit.framework; sourceTree = SDKROOT; };
		D7918DEB18AAEA09005D364D /* qrScanner-Info.plist */ = {isa = PBXFileReference; lastKnownFileType = text.plist.xml; path = "qrScanner-Info.plist"; sourceTree = "<group>"; };
		D7918DED18AAEA09005D364D /* en */ = {isa = PBXFileReference; lastKnownFileType = text.plist.strings; name = en; path = en.lproj/InfoPlist.strings; sourceTree = "<group>"; };
		D7918DEF18AAEA09005D364D /* main.m */ = {isa = PBXFileReference; lastKnownFileType = sourcecode.c.objc; path = main.m; sourceTree = "<group>"; };
		D7918DF118AAEA09005D364D /* qrScanner-Prefix.pch */ = {isa = PBXFileReference; lastKnownFileType = sourcecode.c.h; path = "qrScanner-Prefix.pch"; sourceTree = "<group>"; };
		D7918DF218AAEA09005D364D /* AppDelegate.h */ = {isa = PBXFileReference; lastKnownFileType = sourcecode.c.h; path = AppDelegate.h; sourceTree = "<group>"; };
		D7918DF318AAEA09005D364D /* AppDelegate.m */ = {isa = PBXFileReference; lastKnownFileType = sourcecode.c.objc; path = AppDelegate.m; sourceTree = "<group>"; };
		D7918DF618AAEA09005D364D /* Base */ = {isa = PBXFileReference; lastKnownFileType = file.storyboard; name = Base; path = Base.lproj/Main.storyboard; sourceTree = "<group>"; };
		D7918DF818AAEA09005D364D /* ViewController.h */ = {isa = PBXFileReference; lastKnownFileType = sourcecode.c.h; path = ViewController.h; sourceTree = "<group>"; };
		D7918DF918AAEA09005D364D /* ViewController.m */ = {isa = PBXFileReference; lastKnownFileType = sourcecode.c.objc; path = ViewController.m; sourceTree = "<group>"; };
		D7918DFB18AAEA09005D364D /* Images.xcassets */ = {isa = PBXFileReference; lastKnownFileType = folder.assetcatalog; path = Images.xcassets; sourceTree = "<group>"; };
		D7918E0118AAEA09005D364D /* qrScannerTests.xctest */ = {isa = PBXFileReference; explicitFileType = wrapper.cfbundle; includeInIndex = 0; path = qrScannerTests.xctest; sourceTree = BUILT_PRODUCTS_DIR; };
		D7918E0218AAEA09005D364D /* XCTest.framework */ = {isa = PBXFileReference; lastKnownFileType = wrapper.framework; name = XCTest.framework; path = Library/Frameworks/XCTest.framework; sourceTree = DEVELOPER_DIR; };
		D7918E0A18AAEA09005D364D /* qrScannerTests-Info.plist */ = {isa = PBXFileReference; lastKnownFileType = text.plist.xml; path = "qrScannerTests-Info.plist"; sourceTree = "<group>"; };
		D7918E0C18AAEA09005D364D /* en */ = {isa = PBXFileReference; lastKnownFileType = text.plist.strings; name = en; path = en.lproj/InfoPlist.strings; sourceTree = "<group>"; };
		D7918E0E18AAEA09005D364D /* qrScannerTests.m */ = {isa = PBXFileReference; lastKnownFileType = sourcecode.c.objc; path = qrScannerTests.m; sourceTree = "<group>"; };
/* End PBXFileReference section */

/* Begin PBXFrameworksBuildPhase section */
		D7918DDD18AAEA09005D364D /* Frameworks */ = {
			isa = PBXFrameworksBuildPhase;
			buildActionMask = 2147483647;
			files = (
				D7918DE618AAEA09005D364D /* CoreGraphics.framework in Frameworks */,
				D7918DE818AAEA09005D364D /* UIKit.framework in Frameworks */,
				D7918DE418AAEA09005D364D /* Foundation.framework in Frameworks */,
			);
			runOnlyForDeploymentPostprocessing = 0;
		};
		D7918DFE18AAEA09005D364D /* Frameworks */ = {
			isa = PBXFrameworksBuildPhase;
			buildActionMask = 2147483647;
			files = (
				D7918E0318AAEA09005D364D /* XCTest.framework in Frameworks */,
				D7918E0518AAEA09005D364D /* UIKit.framework in Frameworks */,
				D7918E0418AAEA09005D364D /* Foundation.framework in Frameworks */,
			);
			runOnlyForDeploymentPostprocessing = 0;
		};
/* End PBXFrameworksBuildPhase section */

/* Begin PBXGroup section */
		D7918DD718AAEA09005D364D = {
			isa = PBXGroup;
			children = (
				D7918DE918AAEA09005D364D /* qrScanner */,
				D7918E0818AAEA09005D364D /* qrScannerTests */,
				D7918DE218AAEA09005D364D /* Frameworks */,
				D7918DE118AAEA09005D364D /* Products */,
			);
			sourceTree = "<group>";
		};
		D7918DE118AAEA09005D364D /* Products */ = {
			isa = PBXGroup;
			children = (
				D7918DE018AAEA09005D364D /* qrScanner.app */,
				D7918E0118AAEA09005D364D /* qrScannerTests.xctest */,
			);
			name = Products;
			sourceTree = "<group>";
		};
		D7918DE218AAEA09005D364D /* Frameworks */ = {
			isa = PBXGroup;
			children = (
				D7918DE318AAEA09005D364D /* Foundation.framework */,
				D7918DE518AAEA09005D364D /* CoreGraphics.framework */,
				D7918DE718AAEA09005D364D /* UIKit.framework */,
				D7918E0218AAEA09005D364D /* XCTest.framework */,
			);
			name = Frameworks;
			sourceTree = "<group>";
		};
		D7918DE918AAEA09005D364D /* qrScanner */ = {
			isa = PBXGroup;
			children = (
				D7918DF218AAEA09005D364D /* AppDelegate.h */,
				D7918DF318AAEA09005D364D /* AppDelegate.m */,
				D7918DF518AAEA09005D364D /* Main.storyboard */,
				D7918DF818AAEA09005D364D /* ViewController.h */,
				D7918DF918AAEA09005D364D /* ViewController.m */,
				D7918DFB18AAEA09005D364D /* Images.xcassets */,
				D7918DEA18AAEA09005D364D /* Supporting Files */,
			);
			path = qrScanner;
			sourceTree = "<group>";
		};
		D7918DEA18AAEA09005D364D /* Supporting Files */ = {
			isa = PBXGroup;
			children = (
				D7918DEB18AAEA09005D364D /* qrScanner-Info.plist */,
				D7918DEC18AAEA09005D364D /* InfoPlist.strings */,
				D7918DEF18AAEA09005D364D /* main.m */,
				D7918DF118AAEA09005D364D /* qrScanner-Prefix.pch */,
			);
			name = "Supporting Files";
			sourceTree = "<group>";
		};
		D7918E0818AAEA09005D364D /* qrScannerTests */ = {
			isa = PBXGroup;
			children = (
				D7918E0E18AAEA09005D364D /* qrScannerTests.m */,
				D7918E0918AAEA09005D364D /* Supporting Files */,
			);
			path = qrScannerTests;
			sourceTree = "<group>";
		};
		D7918E0918AAEA09005D364D /* Supporting Files */ = {
			isa = PBXGroup;
			children = (
				D7918E0A18AAEA09005D364D /* qrScannerTests-Info.plist */,
				D7918E0B18AAEA09005D364D /* InfoPlist.strings */,
			);
			name = "Supporting Files";
			sourceTree = "<group>";
		};
/* End PBXGroup section */

/* Begin PBXNativeTarget section */
		D7918DDF18AAEA09005D364D /* qrScanner */ = {
			isa = PBXNativeTarget;
			buildConfigurationList = D7918E1218AAEA09005D364D /* Build configuration list for PBXNativeTarget "qrScanner" */;
			buildPhases = (
				D7918DDC18AAEA09005D364D /* Sources */,
				D7918DDD18AAEA09005D364D /* Frameworks */,
				D7918DDE18AAEA09005D364D /* Resources */,
			);
			buildRules = (
			);
			dependencies = (
			);
			name = qrScanner;
			productName = qrScanner;
			productReference = D7918DE018AAEA09005D364D /* qrScanner.app */;
			productType = "com.apple.product-type.application";
		};
		D7918E0018AAEA09005D364D /* qrScannerTests */ = {
			isa = PBXNativeTarget;
			buildConfigurationList = D7918E1518AAEA09005D364D /* Build configuration list for PBXNativeTarget "qrScannerTests" */;
			buildPhases = (
				D7918DFD18AAEA09005D364D /* Sources */,
				D7918DFE18AAEA09005D364D /* Frameworks */,
				D7918DFF18AAEA09005D364D /* Resources */,
			);
			buildRules = (
			);
			dependencies = (
				D7918E0718AAEA09005D364D /* PBXTargetDependency */,
			);
			name = qrScannerTests;
			productName = qrScannerTests;
			productReference = D7918E0118AAEA09005D364D /* qrScannerTests.xctest */;
			productType = "com.apple.product-type.bundle.unit-test";
		};
/* End PBXNativeTarget section */

/* Begin PBXProject section */
		D7918DD818AAEA09005D364D /* Project object */ = {
			isa = PBXProject;
			attributes = {
				LastUpgradeCheck = 0500;
				ORGANIZATIONNAME = "Jacob Holman";
				TargetAttributes = {
					D7918E0018AAEA09005D364D = {
						TestTargetID = D7918DDF18AAEA09005D364D;
					};
				};
			};
			buildConfigurationList = D7918DDB18AAEA09005D364D /* Build configuration list for PBXProject "qrScanner" */;
			compatibilityVersion = "Xcode 3.2";
			developmentRegion = English;
			hasScannedForEncodings = 0;
			knownRegions = (
				en,
				Base,
			);
			mainGroup = D7918DD718AAEA09005D364D;
			productRefGroup = D7918DE118AAEA09005D364D /* Products */;
			projectDirPath = "";
			projectRoot = "";
			targets = (
				D7918DDF18AAEA09005D364D /* qrScanner */,
				D7918E0018AAEA09005D364D /* qrScannerTests */,
			);
		};
/* End PBXProject section */

/* Begin PBXResourcesBuildPhase section */
		D7918DDE18AAEA09005D364D /* Resources */ = {
			isa = PBXResourcesBuildPhase;
			buildActionMask = 2147483647;
			files = (
				D7918DFC18AAEA09005D364D /* Images.xcassets in Resources */,
				D7918DEE18AAEA09005D364D /* InfoPlist.strings in Resources */,
				D7918DF718AAEA09005D364D /* Main.storyboard in Resources */,
			);
			runOnlyForDeploymentPostprocessing = 0;
		};
		D7918DFF18AAEA09005D364D /* Resources */ = {
			isa = PBXResourcesBuildPhase;
			buildActionMask = 2147483647;
			files = (
				D7918E0D18AAEA09005D364D /* InfoPlist.strings in Resources */,
			);
			runOnlyForDeploymentPostprocessing = 0;
		};
/* End PBXResourcesBuildPhase section */

/* Begin PBXSourcesBuildPhase section */
		D7918DDC18AAEA09005D364D /* Sources */ = {
			isa = PBXSourcesBuildPhase;
			buildActionMask = 2147483647;
			files = (
				D7918DFA18AAEA09005D364D /* ViewController.m in Sources */,
				D7918DF418AAEA09005D364D /* AppDelegate.m in Sources */,
				D7918DF018AAEA09005D364D /* main.m in Sources */,
			);
			runOnlyForDeploymentPostprocessing = 0;
		};
		D7918DFD18AAEA09005D364D /* Sources */ = {
			isa = PBXSourcesBuildPhase;
			buildActionMask = 2147483647;
			files = (
				D7918E0F18AAEA09005D364D /* qrScannerTests.m in Sources */,
			);
			runOnlyForDeploymentPostprocessing = 0;
		};
/* End PBXSourcesBuildPhase section */

/* Begin PBXTargetDependency section */
		D7918E0718AAEA09005D364D /* PBXTargetDependency */ = {
			isa = PBXTargetDependency;
			target = D7918DDF18AAEA09005D364D /* qrScanner */;
			targetProxy = D7918E0618AAEA09005D364D /* PBXContainerItemProxy */;
		};
/* End PBXTargetDependency section */

/* Begin PBXVariantGroup section */
		D7918DEC18AAEA09005D364D /* InfoPlist.strings */ = {
			isa = PBXVariantGroup;
			children = (
				D7918DED18AAEA09005D364D /* en */,
			);
			name = InfoPlist.strings;
			sourceTree = "<group>";
		};
		D7918DF518AAEA09005D364D /* Main.storyboard */ = {
			isa = PBXVariantGroup;
			children = (
				D7918DF618AAEA09005D364D /* Base */,
			);
			name = Main.storyboard;
			sourceTree = "<group>";
		};
		D7918E0B18AAEA09005D364D /* InfoPlist.strings */ = {
			isa = PBXVariantGroup;
			children = (
				D7918E0C18AAEA09005D364D /* en */,
			);
			name = InfoPlist.strings;
			sourceTree = "<group>";
		};
/* End PBXVariantGroup section */

/* Begin XCBuildConfiguration section */
		D7918E1018AAEA09005D364D /* Debug */ = {
			isa = XCBuildConfiguration;
			buildSettings = {
				ALWAYS_SEARCH_USER_PATHS = NO;
				ARCHS = "$(ARCHS_STANDARD_INCLUDING_64_BIT)";
				CLANG_CXX_LANGUAGE_STANDARD = "gnu++0x";
				CLANG_CXX_LIBRARY = "libc++";
				CLANG_ENABLE_MODULES = YES;
				CLANG_ENABLE_OBJC_ARC = YES;
				CLANG_WARN_BOOL_CONVERSION = YES;
				CLANG_WARN_CONSTANT_CONVERSION = YES;
				CLANG_WARN_DIRECT_OBJC_ISA_USAGE = YES_ERROR;
				CLANG_WARN_EMPTY_BODY = YES;
				CLANG_WARN_ENUM_CONVERSION = YES;
				CLANG_WARN_INT_CONVERSION = YES;
				CLANG_WARN_OBJC_ROOT_CLASS = YES_ERROR;
				CLANG_WARN__DUPLICATE_METHOD_MATCH = YES;
				"CODE_SIGN_IDENTITY[sdk=iphoneos*]" = "iPhone Developer";
				COPY_PHASE_STRIP = NO;
				GCC_C_LANGUAGE_STANDARD = gnu99;
				GCC_DYNAMIC_NO_PIC = NO;
				GCC_OPTIMIZATION_LEVEL = 0;
				GCC_PREPROCESSOR_DEFINITIONS = (
					"DEBUG=1",
					"$(inherited)",
				);
				GCC_SYMBOLS_PRIVATE_EXTERN = NO;
				GCC_WARN_64_TO_32_BIT_CONVERSION = YES;
				GCC_WARN_ABOUT_RETURN_TYPE = YES_ERROR;
				GCC_WARN_UNDECLARED_SELECTOR = YES;
				GCC_WARN_UNINITIALIZED_AUTOS = YES;
				GCC_WARN_UNUSED_FUNCTION = YES;
				GCC_WARN_UNUSED_VARIABLE = YES;
				IPHONEOS_DEPLOYMENT_TARGET = 7.0;
				ONLY_ACTIVE_ARCH = YES;
				SDKROOT = iphoneos;
			};
			name = Debug;
		};
		D7918E1118AAEA09005D364D /* Release */ = {
			isa = XCBuildConfiguration;
			buildSettings = {
				ALWAYS_SEARCH_USER_PATHS = NO;
				ARCHS = "$(ARCHS_STANDARD_INCLUDING_64_BIT)";
				CLANG_CXX_LANGUAGE_STANDARD = "gnu++0x";
				CLANG_CXX_LIBRARY = "libc++";
				CLANG_ENABLE_MODULES = YES;
				CLANG_ENABLE_OBJC_ARC = YES;
				CLANG_WARN_BOOL_CONVERSION = YES;
				CLANG_WARN_CONSTANT_CONVERSION = YES;
				CLANG_WARN_DIRECT_OBJC_ISA_USAGE = YES_ERROR;
				CLANG_WARN_EMPTY_BODY = YES;
				CLANG_WARN_ENUM_CONVERSION = YES;
				CLANG_WARN_INT_CONVERSION = YES;
				CLANG_WARN_OBJC_ROOT_CLASS = YES_ERROR;
				CLANG_WARN__DUPLICATE_METHOD_MATCH = YES;
				"CODE_SIGN_IDENTITY[sdk=iphoneos*]" = "iPhone Developer";
				COPY_PHASE_STRIP = YES;
				ENABLE_NS_ASSERTIONS = NO;
				GCC_C_LANGUAGE_STANDARD = gnu99;
				GCC_WARN_64_TO_32_BIT_CONVERSION = YES;
				GCC_WARN_ABOUT_RETURN_TYPE = YES_ERROR;
				GCC_WARN_UNDECLARED_SELECTOR = YES;
				GCC_WARN_UNINITIALIZED_AUTOS = YES;
				GCC_WARN_UNUSED_FUNCTION = YES;
				GCC_WARN_UNUSED_VARIABLE = YES;
				IPHONEOS_DEPLOYMENT_TARGET = 7.0;
				SDKROOT = iphoneos;
				VALIDATE_PRODUCT = YES;
			};
			name = Release;
		};
		D7918E1318AAEA09005D364D /* Debug */ = {
			isa = XCBuildConfiguration;
			buildSettings = {
				ASSETCATALOG_COMPILER_APPICON_NAME = AppIcon;
				ASSETCATALOG_COMPILER_LAUNCHIMAGE_NAME = LaunchImage;
				GCC_PRECOMPILE_PREFIX_HEADER = YES;
				GCC_PREFIX_HEADER = "qrScanner/qrScanner-Prefix.pch";
				INFOPLIST_FILE = "qrScanner/qrScanner-Info.plist";
				PRODUCT_NAME = "$(TARGET_NAME)";
				WRAPPER_EXTENSION = app;
			};
			name = Debug;
		};
		D7918E1418AAEA09005D364D /* Release */ = {
			isa = XCBuildConfiguration;
			buildSettings = {
				ASSETCATALOG_COMPILER_APPICON_NAME = AppIcon;
				ASSETCATALOG_COMPILER_LAUNCHIMAGE_NAME = LaunchImage;
				GCC_PRECOMPILE_PREFIX_HEADER = YES;
				GCC_PREFIX_HEADER = "qrScanner/qrScanner-Prefix.pch";
				INFOPLIST_FILE = "qrScanner/qrScanner-Info.plist";
				PRODUCT_NAME = "$(TARGET_NAME)";
				WRAPPER_EXTENSION = app;
			};
			name = Release;
		};
		D7918E1618AAEA09005D364D /* Debug */ = {
			isa = XCBuildConfiguration;
			buildSettings = {
				ARCHS = "$(ARCHS_STANDARD_INCLUDING_64_BIT)";
				BUNDLE_LOADER = "$(BUILT_PRODUCTS_DIR)/qrScanner.app/qrScanner";
				FRAMEWORK_SEARCH_PATHS = (
					"$(SDKROOT)/Developer/Library/Frameworks",
					"$(inherited)",
					"$(DEVELOPER_FRAMEWORKS_DIR)",
				);
				GCC_PRECOMPILE_PREFIX_HEADER = YES;
				GCC_PREFIX_HEADER = "qrScanner/qrScanner-Prefix.pch";
				GCC_PREPROCESSOR_DEFINITIONS = (
					"DEBUG=1",
					"$(inherited)",
				);
				INFOPLIST_FILE = "qrScannerTests/qrScannerTests-Info.plist";
				PRODUCT_NAME = "$(TARGET_NAME)";
				TEST_HOST = "$(BUNDLE_LOADER)";
				WRAPPER_EXTENSION = xctest;
			};
			name = Debug;
		};
		D7918E1718AAEA09005D364D /* Release */ = {
			isa = XCBuildConfiguration;
			buildSettings = {
				ARCHS = "$(ARCHS_STANDARD_INCLUDING_64_BIT)";
				BUNDLE_LOADER = "$(BUILT_PRODUCTS_DIR)/qrScanner.app/qrScanner";
				FRAMEWORK_SEARCH_PATHS = (
					"$(SDKROOT)/Developer/Library/Frameworks",
					"$(inherited)",
					"$(DEVELOPER_FRAMEWORKS_DIR)",
				);
				GCC_PRECOMPILE_PREFIX_HEADER = YES;
				GCC_PREFIX_HEADER = "qrScanner/qrScanner-Prefix.pch";
				INFOPLIST_FILE = "qrScannerTests/qrScannerTests-Info.plist";
				PRODUCT_NAME = "$(TARGET_NAME)";
				TEST_HOST = "$(BUNDLE_LOADER)";
				WRAPPER_EXTENSION = xctest;
			};
			name = Release;
		};
/* End XCBuildConfiguration section */

/* Begin XCConfigurationList section */
		D7918DDB18AAEA09005D364D /* Build configuration list for PBXProject "qrScanner" */ = {
			isa = XCConfigurationList;
			buildConfigurations = (
				D7918E1018AAEA09005D364D /* Debug */,
				D7918E1118AAEA09005D364D /* Release */,
			);
			defaultConfigurationIsVisible = 0;
			defaultConfigurationName = Release;
		};
		D7918E1218AAEA09005D364D /* Build configuration list for PBXNativeTarget "qrScanner" */ = {
			isa = XCConfigurationList;
			buildConfigurations = (
				D7918E1318AAEA09005D364D /* Debug */,
				D7918E1418AAEA09005D364D /* Release */,
			);
			defaultConfigurationIsVisible = 0;
		};
		D7918E1518AAEA09005D364D /* Build configuration list for PBXNativeTarget "qrScannerTests" */ = {
			isa = XCConfigurationList;
			buildConfigurations = (
				D7918E1618AAEA09005D364D /* Debug */,
				D7918E1718AAEA09005D364D /* Release */,
			);
			defaultConfigurationIsVisible = 0;
		};
/* End XCConfigurationList section */
	};
	rootObject = D7918DD818AAEA09005D364D /* Project object */;
}
